// !$*UTF8*$!
{
	archiveVersion = 1;
	classes = {
	};
	objectVersion = 46;
	objects = {

/* Begin PBXBuildFile section */
		58DAC4611BB74D060015A865 /* AppDelegate.swift in Sources */ = {isa = PBXBuildFile; fileRef = 58DAC4601BB74D060015A865 /* AppDelegate.swift */; };
		58DAC4631BB74D060015A865 /* ViewController.swift in Sources */ = {isa = PBXBuildFile; fileRef = 58DAC4621BB74D060015A865 /* ViewController.swift */; };
		58DAC4661BB74D060015A865 /* Main.storyboard in Resources */ = {isa = PBXBuildFile; fileRef = 58DAC4641BB74D060015A865 /* Main.storyboard */; };
		58DAC4681BB74D060015A865 /* Images.xcassets in Resources */ = {isa = PBXBuildFile; fileRef = 58DAC4671BB74D060015A865 /* Images.xcassets */; };
		58DAC46B1BB74D060015A865 /* LaunchScreen.xib in Resources */ = {isa = PBXBuildFile; fileRef = 58DAC4691BB74D060015A865 /* LaunchScreen.xib */; };
		58DAC4771BB74D060015A865 /* tipCalculatorTests.swift in Sources */ = {isa = PBXBuildFile; fileRef = 58DAC4761BB74D060015A865 /* tipCalculatorTests.swift */; };
		58DAC4811BBA3A950015A865 /* secondViewController.swift in Sources */ = {isa = PBXBuildFile; fileRef = 58DAC4801BBA3A950015A865 /* secondViewController.swift */; };
/* End PBXBuildFile section */

/* Begin PBXContainerItemProxy section */
		58DAC4711BB74D060015A865 /* PBXContainerItemProxy */ = {
			isa = PBXContainerItemProxy;
			containerPortal = 58DAC4531BB74D060015A865 /* Project object */;
			proxyType = 1;
			remoteGlobalIDString = 58DAC45A1BB74D060015A865;
			remoteInfo = tipCalculator;
		};
/* End PBXContainerItemProxy section */

/* Begin PBXFileReference section */
		58DAC45B1BB74D060015A865 /* tipCalculator.app */ = {isa = PBXFileReference; explicitFileType = wrapper.application; includeInIndex = 0; path = tipCalculator.app; sourceTree = BUILT_PRODUCTS_DIR; };
		58DAC45F1BB74D060015A865 /* Info.plist */ = {isa = PBXFileReference; lastKnownFileType = text.plist.xml; path = Info.plist; sourceTree = "<group>"; };
		58DAC4601BB74D060015A865 /* AppDelegate.swift */ = {isa = PBXFileReference; lastKnownFileType = sourcecode.swift; path = AppDelegate.swift; sourceTree = "<group>"; };
		58DAC4621BB74D060015A865 /* ViewController.swift */ = {isa = PBXFileReference; lastKnownFileType = sourcecode.swift; path = ViewController.swift; sourceTree = "<group>"; };
		58DAC4651BB74D060015A865 /* Base */ = {isa = PBXFileReference; lastKnownFileType = file.storyboard; name = Base; path = Base.lproj/Main.storyboard; sourceTree = "<group>"; };
		58DAC4671BB74D060015A865 /* Images.xcassets */ = {isa = PBXFileReference; lastKnownFileType = folder.assetcatalog; path = Images.xcassets; sourceTree = "<group>"; };
		58DAC46A1BB74D060015A865 /* Base */ = {isa = PBXFileReference; lastKnownFileType = file.xib; name = Base; path = Base.lproj/LaunchScreen.xib; sourceTree = "<group>"; };
		58DAC4701BB74D060015A865 /* tipCalculatorTests.xctest */ = {isa = PBXFileReference; explicitFileType = wrapper.cfbundle; includeInIndex = 0; path = tipCalculatorTests.xctest; sourceTree = BUILT_PRODUCTS_DIR; };
		58DAC4751BB74D060015A865 /* Info.plist */ = {isa = PBXFileReference; lastKnownFileType = text.plist.xml; path = Info.plist; sourceTree = "<group>"; };
		58DAC4761BB74D060015A865 /* tipCalculatorTests.swift */ = {isa = PBXFileReference; lastKnownFileType = sourcecode.swift; path = tipCalculatorTests.swift; sourceTree = "<group>"; };
		58DAC4801BBA3A950015A865 /* secondViewController.swift */ = {isa = PBXFileReference; fileEncoding = 4; lastKnownFileType = sourcecode.swift; path = secondViewController.swift; sourceTree = "<group>"; };
/* End PBXFileReference section */

/* Begin PBXFrameworksBuildPhase section */
		58DAC4581BB74D060015A865 /* Frameworks */ = {
			isa = PBXFrameworksBuildPhase;
			buildActionMask = 2147483647;
			files = (
			);
			runOnlyForDeploymentPostprocessing = 0;
		};
		58DAC46D1BB74D060015A865 /* Frameworks */ = {
			isa = PBXFrameworksBuildPhase;
			buildActionMask = 2147483647;
			files = (
			);
			runOnlyForDeploymentPostprocessing = 0;
		};
/* End PBXFrameworksBuildPhase section */

/* Begin PBXGroup section */
		58DAC4521BB74D060015A865 = {
			isa = PBXGroup;
			children = (
				58DAC45D1BB74D060015A865 /* tipCalculator */,
				58DAC4731BB74D060015A865 /* tipCalculatorTests */,
				58DAC45C1BB74D060015A865 /* Products */,
			);
			sourceTree = "<group>";
		};
		58DAC45C1BB74D060015A865 /* Products */ = {
			isa = PBXGroup;
			children = (
				58DAC45B1BB74D060015A865 /* tipCalculator.app */,
				58DAC4701BB74D060015A865 /* tipCalculatorTests.xctest */,
			);
			name = Products;
			sourceTree = "<group>";
		};
		58DAC45D1BB74D060015A865 /* tipCalculator */ = {
			isa = PBXGroup;
			children = (
				58DAC4601BB74D060015A865 /* AppDelegate.swift */,
				58DAC4621BB74D060015A865 /* ViewController.swift */,
				58DAC4801BBA3A950015A865 /* secondViewController.swift */,
				58DAC4641BB74D060015A865 /* Main.storyboard */,
				58DAC4671BB74D060015A865 /* Images.xcassets */,
				58DAC4691BB74D060015A865 /* LaunchScreen.xib */,
				58DAC45E1BB74D060015A865 /* Supporting Files */,
			);
			path = tipCalculator;
			sourceTree = "<group>";
		};
		58DAC45E1BB74D060015A865 /* Supporting Files */ = {
			isa = PBXGroup;
			children = (
				58DAC45F1BB74D060015A865 /* Info.plist */,
			);
			name = "Supporting Files";
			sourceTree = "<group>";
		};
		58DAC4731BB74D060015A865 /* tipCalculatorTests */ = {
			isa = PBXGroup;
			children = (
				58DAC4761BB74D060015A865 /* tipCalculatorTests.swift */,
				58DAC4741BB74D060015A865 /* Supporting Files */,
			);
			path = tipCalculatorTests;
			sourceTree = "<group>";
		};
		58DAC4741BB74D060015A865 /* Supporting Files */ = {
			isa = PBXGroup;
			children = (
				58DAC4751BB74D060015A865 /* Info.plist */,
			);
			name = "Supporting Files";
			sourceTree = "<group>";
		};
/* End PBXGroup section */

/* Begin PBXNativeTarget section */
		58DAC45A1BB74D060015A865 /* tipCalculator */ = {
			isa = PBXNativeTarget;
			buildConfigurationList = 58DAC47A1BB74D060015A865 /* Build configuration list for PBXNativeTarget "tipCalculator" */;
			buildPhases = (
				58DAC4571BB74D060015A865 /* Sources */,
				58DAC4581BB74D060015A865 /* Frameworks */,
				58DAC4591BB74D060015A865 /* Resources */,
			);
			buildRules = (
			);
			dependencies = (
			);
			name = tipCalculator;
			productName = tipCalculator;
			productReference = 58DAC45B1BB74D060015A865 /* tipCalculator.app */;
			productType = "com.apple.product-type.application";
		};
		58DAC46F1BB74D060015A865 /* tipCalculatorTests */ = {
			isa = PBXNativeTarget;
			buildConfigurationList = 58DAC47D1BB74D060015A865 /* Build configuration list for PBXNativeTarget "tipCalculatorTests" */;
			buildPhases = (
				58DAC46C1BB74D060015A865 /* Sources */,
				58DAC46D1BB74D060015A865 /* Frameworks */,
				58DAC46E1BB74D060015A865 /* Resources */,
			);
			buildRules = (
			);
			dependencies = (
				58DAC4721BB74D060015A865 /* PBXTargetDependency */,
			);
			name = tipCalculatorTests;
			productName = tipCalculatorTests;
			productReference = 58DAC4701BB74D060015A865 /* tipCalculatorTests.xctest */;
			productType = "com.apple.product-type.bundle.unit-test";
		};
/* End PBXNativeTarget section */

/* Begin PBXProject section */
		58DAC4531BB74D060015A865 /* Project object */ = {
			isa = PBXProject;
			attributes = {
				LastUpgradeCheck = 0640;
				ORGANIZATIONNAME = "Jiayin Cheng";
				TargetAttributes = {
					58DAC45A1BB74D060015A865 = {
						CreatedOnToolsVersion = 6.4;
					};
					58DAC46F1BB74D060015A865 = {
						CreatedOnToolsVersion = 6.4;
						TestTargetID = 58DAC45A1BB74D060015A865;
					};
				};
			};
			buildConfigurationList = 58DAC4561BB74D060015A865 /* Build configuration list for PBXProject "tipCalculator" */;
			compatibilityVersion = "Xcode 3.2";
			developmentRegion = English;
			hasScannedForEncodings = 0;
			knownRegions = (
				en,
				Base,
			);
			mainGroup = 58DAC4521BB74D060015A865;
			productRefGroup = 58DAC45C1BB74D060015A865 /* Products */;
			projectDirPath = "";
			projectRoot = "";
			targets = (
				58DAC45A1BB74D060015A865 /* tipCalculator */,
				58DAC46F1BB74D060015A865 /* tipCalculatorTests */,
			);
		};
/* End PBXProject section */

/* Begin PBXResourcesBuildPhase section */
		58DAC4591BB74D060015A865 /* Resources */ = {
			isa = PBXResourcesBuildPhase;
			buildActionMask = 2147483647;
			files = (
				58DAC4661BB74D060015A865 /* Main.storyboard in Resources */,
				58DAC46B1BB74D060015A865 /* LaunchScreen.xib in Resources */,
				58DAC4681BB74D060015A865 /* Images.xcassets in Resources */,
			);
			runOnlyForDeploymentPostprocessing = 0;
		};
		58DAC46E1BB74D060015A865 /* Resources */ = {
			isa = PBXResourcesBuildPhase;
			buildActionMask = 2147483647;
			files = (
			);
			runOnlyForDeploymentPostprocessing = 0;
		};
/* End PBXResourcesBuildPhase section */

/* Begin PBXSourcesBuildPhase section */
		58DAC4571BB74D060015A865 /* Sources */ = {
			isa = PBXSourcesBuildPhase;
			buildActionMask = 2147483647;
			files = (
				58DAC4631BB74D060015A865 /* ViewController.swift in Sources */,
				58DAC4811BBA3A950015A865 /* secondViewController.swift in Sources */,
				58DAC4611BB74D060015A865 /* AppDelegate.swift in Sources */,
			);
			runOnlyForDeploymentPostprocessing = 0;
		};
		58DAC46C1BB74D060015A865 /* Sources */ = {
			isa = PBXSourcesBuildPhase;
			buildActionMask = 2147483647;
			files = (
				58DAC4771BB74D060015A865 /* tipCalculatorTests.swift in Sources */,
			);
			runOnlyForDeploymentPostprocessing = 0;
		};
/* End PBXSourcesBuildPhase section */

/* Begin PBXTargetDependency section */
		58DAC4721BB74D060015A865 /* PBXTargetDependency */ = {
			isa = PBXTargetDependency;
			target = 58DAC45A1BB74D060015A865 /* tipCalculator */;
			targetProxy = 58DAC4711BB74D060015A865 /* PBXContainerItemProxy */;
		};
/* End PBXTargetDependency section */

/* Begin PBXVariantGroup section */
		58DAC4641BB74D060015A865 /* Main.storyboard */ = {
			isa = PBXVariantGroup;
			children = (
				58DAC4651BB74D060015A865 /* Base */,
			);
			name = Main.storyboard;
			sourceTree = "<group>";
		};
		58DAC4691BB74D060015A865 /* LaunchScreen.xib */ = {
			isa = PBXVariantGroup;
			children = (
				58DAC46A1BB74D060015A865 /* Base */,
			);
			name = LaunchScreen.xib;
			sourceTree = "<group>";
		};
/* End PBXVariantGroup section */

/* Begin XCBuildConfiguration section */
		58DAC4781BB74D060015A865 /* Debug */ = {
			isa = XCBuildConfiguration;
			buildSettings = {
				ALWAYS_SEARCH_USER_PATHS = NO;
				CLANG_CXX_LANGUAGE_STANDARD = "gnu++0x";
				CLANG_CXX_LIBRARY = "libc++";
				CLANG_ENABLE_MODULES = YES;
				CLANG_ENABLE_OBJC_ARC = YES;
				CLANG_WARN_BOOL_CONVERSION = YES;
				CLANG_WARN_CONSTANT_CONVERSION = YES;
				CLANG_WARN_DIRECT_OBJC_ISA_USAGE = YES_ERROR;
				CLANG_WARN_EMPTY_BODY = YES;
				CLANG_WARN_ENUM_CONVERSION = YES;
				CLANG_WARN_INT_CONVERSION = YES;
				CLANG_WARN_OBJC_ROOT_CLASS = YES_ERROR;
				CLANG_WARN_UNREACHABLE_CODE = YES;
				CLANG_WARN__DUPLICATE_METHOD_MATCH = YES;
				"CODE_SIGN_IDENTITY[sdk=iphoneos*]" = "iPhone Developer";
				COPY_PHASE_STRIP = NO;
				DEBUG_INFORMATION_FORMAT = "dwarf-with-dsym";
				ENABLE_STRICT_OBJC_MSGSEND = YES;
				GCC_C_LANGUAGE_STANDARD = gnu99;
				GCC_DYNAMIC_NO_PIC = NO;
				GCC_NO_COMMON_BLOCKS = YES;
				GCC_OPTIMIZATION_LEVEL = 0;
				GCC_PREPROCESSOR_DEFINITIONS = (
					"DEBUG=1",
					"$(inherited)",
				);
				GCC_SYMBOLS_PRIVATE_EXTERN = NO;
				GCC_WARN_64_TO_32_BIT_CONVERSION = YES;
				GCC_WARN_ABOUT_RETURN_TYPE = YES_ERROR;
				GCC_WARN_UNDECLARED_SELECTOR = YES;
				GCC_WARN_UNINITIALIZED_AUTOS = YES_AGGRESSIVE;
				GCC_WARN_UNUSED_FUNCTION = YES;
				GCC_WARN_UNUSED_VARIABLE = YES;
				IPHONEOS_DEPLOYMENT_TARGET = 8.4;
				MTL_ENABLE_DEBUG_INFO = YES;
				ONLY_ACTIVE_ARCH = YES;
				SDKROOT = iphoneos;
				SWIFT_OPTIMIZATION_LEVEL = "-Onone";
				TARGETED_DEVICE_FAMILY = "1,2";
			};
			name = Debug;
		};
		58DAC4791BB74D060015A865 /* Release */ = {
			isa = XCBuildConfiguration;
			buildSettings = {
				ALWAYS_SEARCH_USER_PATHS = NO;
				CLANG_CXX_LANGUAGE_STANDARD = "gnu++0x";
				CLANG_CXX_LIBRARY = "libc++";
				CLANG_ENABLE_MODULES = YES;
				CLANG_ENABLE_OBJC_ARC = YES;
				CLANG_WARN_BOOL_CONVERSION = YES;
				CLANG_WARN_CONSTANT_CONVERSION = YES;
				CLANG_WARN_DIRECT_OBJC_ISA_USAGE = YES_ERROR;
				CLANG_WARN_EMPTY_BODY = YES;
				CLANG_WARN_ENUM_CONVERSION = YES;
				CLANG_WARN_INT_CONVERSION = YES;
				CLANG_WARN_OBJC_ROOT_CLASS = YES_ERROR;
				CLANG_WARN_UNREACHABLE_CODE = YES;
				CLANG_WARN__DUPLICATE_METHOD_MATCH = YES;
				"CODE_SIGN_IDENTITY[sdk=iphoneos*]" = "iPhone Developer";
				COPY_PHASE_STRIP = NO;
				DEBUG_INFORMATION_FORMAT = "dwarf-with-dsym";
				ENABLE_NS_ASSERTIONS = NO;
				ENABLE_STRICT_OBJC_MSGSEND = YES;
				GCC_C_LANGUAGE_STANDARD = gnu99;
				GCC_NO_COMMON_BLOCKS = YES;
				GCC_WARN_64_TO_32_BIT_CONVERSION = YES;
				GCC_WARN_ABOUT_RETURN_TYPE = YES_ERROR;
				GCC_WARN_UNDECLARED_SELECTOR = YES;
				GCC_WARN_UNINITIALIZED_AUTOS = YES_AGGRESSIVE;
				GCC_WARN_UNUSED_FUNCTION = YES;
				GCC_WARN_UNUSED_VARIABLE = YES;
				IPHONEOS_DEPLOYMENT_TARGET = 8.4;
				MTL_ENABLE_DEBUG_INFO = NO;
				SDKROOT = iphoneos;
				TARGETED_DEVICE_FAMILY = "1,2";
				VALIDATE_PRODUCT = YES;
			};
			name = Release;
		};
		58DAC47B1BB74D060015A865 /* Debug */ = {
			isa = XCBuildConfiguration;
			buildSettings = {
				ASSETCATALOG_COMPILER_APPICON_NAME = AppIcon;
				INFOPLIST_FILE = tipCalculator/Info.plist;
				LD_RUNPATH_SEARCH_PATHS = "$(inherited) @executable_path/Frameworks";
				PRODUCT_NAME = "$(TARGET_NAME)";
			};
			name = Debug;
		};
		58DAC47C1BB74D060015A865 /* Release */ = {
			isa = XCBuildConfiguration;
			buildSettings = {
				ASSETCATALOG_COMPILER_APPICON_NAME = AppIcon;
				INFOPLIST_FILE = tipCalculator/Info.plist;
				LD_RUNPATH_SEARCH_PATHS = "$(inherited) @executable_path/Frameworks";
				PRODUCT_NAME = "$(TARGET_NAME)";
			};
			name = Release;
		};
		58DAC47E1BB74D060015A865 /* Debug */ = {
			isa = XCBuildConfiguration;
			buildSettings = {
				BUNDLE_LOADER = "$(TEST_HOST)";
				FRAMEWORK_SEARCH_PATHS = (
					"$(SDKROOT)/Developer/Library/Frameworks",
					"$(inherited)",
				);
				GCC_PREPROCESSOR_DEFINITIONS = (
					"DEBUG=1",
					"$(inherited)",
				);
				INFOPLIST_FILE = tipCalculatorTests/Info.plist;
				LD_RUNPATH_SEARCH_PATHS = "$(inherited) @executable_path/Frameworks @loader_path/Frameworks";
				PRODUCT_NAME = "$(TARGET_NAME)";
				TEST_HOST = "$(BUILT_PRODUCTS_DIR)/tipCalculator.app/tipCalculator";
			};
			name = Debug;
		};
		58DAC47F1BB74D060015A865 /* Release */ = {
			isa = XCBuildConfiguration;
			buildSettings = {
				BUNDLE_LOADER = "$(TEST_HOST)";
				FRAMEWORK_SEARCH_PATHS = (
					"$(SDKROOT)/Developer/Library/Frameworks",
					"$(inherited)",
				);
				INFOPLIST_FILE = tipCalculatorTests/Info.plist;
				LD_RUNPATH_SEARCH_PATHS = "$(inherited) @executable_path/Frameworks @loader_path/Frameworks";
				PRODUCT_NAME = "$(TARGET_NAME)";
				TEST_HOST = "$(BUILT_PRODUCTS_DIR)/tipCalculator.app/tipCalculator";
			};
			name = Release;
		};
/* End XCBuildConfiguration section */

/* Begin XCConfigurationList section */
		58DAC4561BB74D060015A865 /* Build configuration list for PBXProject "tipCalculator" */ = {
			isa = XCConfigurationList;
			buildConfigurations = (
				58DAC4781BB74D060015A865 /* Debug */,
				58DAC4791BB74D060015A865 /* Release */,
			);
			defaultConfigurationIsVisible = 0;
			defaultConfigurationName = Release;
		};
		58DAC47A1BB74D060015A865 /* Build configuration list for PBXNativeTarget "tipCalculator" */ = {
			isa = XCConfigurationList;
			buildConfigurations = (
				58DAC47B1BB74D060015A865 /* Debug */,
				58DAC47C1BB74D060015A865 /* Release */,
			);
			defaultConfigurationIsVisible = 0;
			defaultConfigurationName = Release;
		};
		58DAC47D1BB74D060015A865 /* Build configuration list for PBXNativeTarget "tipCalculatorTests" */ = {
			isa = XCConfigurationList;
			buildConfigurations = (
				58DAC47E1BB74D060015A865 /* Debug */,
				58DAC47F1BB74D060015A865 /* Release */,
			);
			defaultConfigurationIsVisible = 0;
			defaultConfigurationName = Release;
		};
/* End XCConfigurationList section */
	};
	rootObject = 58DAC4531BB74D060015A865 /* Project object */;
}
